// !$*UTF8*$!
{
	archiveVersion = 1;
	classes = {
	};
	objectVersion = 51;
	objects = {

/* Begin PBXBuildFile section */
		525594AB24F2E5040045D5C7 /* CartManager.swift in Sources */ = {isa = PBXBuildFile; fileRef = 525594AA24F2E5040045D5C7 /* CartManager.swift */; };
		528D92CD24F0448000854BF9 /* Main.storyboard in Resources */ = {isa = PBXBuildFile; fileRef = 528D92CB24F0448000854BF9 /* Main.storyboard */; };
		528D92CF24F0448600854BF9 /* Assets.xcassets in Resources */ = {isa = PBXBuildFile; fileRef = 528D92CE24F0448600854BF9 /* Assets.xcassets */; };
		528D92D224F0448600854BF9 /* LaunchScreen.storyboard in Resources */ = {isa = PBXBuildFile; fileRef = 528D92D024F0448600854BF9 /* LaunchScreen.storyboard */; };
		528D92DA24F1A31600854BF9 /* MainViewController.swift in Sources */ = {isa = PBXBuildFile; fileRef = 528D92D924F1A31600854BF9 /* MainViewController.swift */; };
		528D92DE24F299EF00854BF9 /* ProductModel.swift in Sources */ = {isa = PBXBuildFile; fileRef = 528D92DD24F299EF00854BF9 /* ProductModel.swift */; };
		528D92E024F29A3C00854BF9 /* ProductsCollectionViewController.swift in Sources */ = {isa = PBXBuildFile; fileRef = 528D92DF24F29A3C00854BF9 /* ProductsCollectionViewController.swift */; };
		528D92E324F29AC700854BF9 /* ProductCollectionViewCell.swift in Sources */ = {isa = PBXBuildFile; fileRef = 528D92E224F29AC700854BF9 /* ProductCollectionViewCell.swift */; };
		528D92E624F29B9000854BF9 /* NetworkManager.swift in Sources */ = {isa = PBXBuildFile; fileRef = 528D92E524F29B9000854BF9 /* NetworkManager.swift */; };
		52922C2C24F51FEC00B99B54 /* AppDelegate.swift in Sources */ = {isa = PBXBuildFile; fileRef = 528D92C524F0448000854BF9 /* AppDelegate.swift */; };
		52E6F5F424F2C7ED004DB0B5 /* BasketViewController.swift in Sources */ = {isa = PBXBuildFile; fileRef = 52E6F5F324F2C7ED004DB0B5 /* BasketViewController.swift */; };
		52F5410024F551B000E40B38 /* CustomNavigationItem.swift in Sources */ = {isa = PBXBuildFile; fileRef = 52F540FF24F551B000E40B38 /* CustomNavigationItem.swift */; };
		D328BD784EDC895A04D9B954 /* Pods_Idillika.framework in Frameworks */ = {isa = PBXBuildFile; fileRef = 728705933A8FDC5784F9B965 /* Pods_Idillika.framework */; };
/* End PBXBuildFile section */

/* Begin PBXFileReference section */
		525594AA24F2E5040045D5C7 /* CartManager.swift */ = {isa = PBXFileReference; lastKnownFileType = sourcecode.swift; path = CartManager.swift; sourceTree = "<group>"; };
		528D92C224F0448000854BF9 /* Idillika.app */ = {isa = PBXFileReference; explicitFileType = wrapper.application; includeInIndex = 0; path = Idillika.app; sourceTree = BUILT_PRODUCTS_DIR; };
		528D92C524F0448000854BF9 /* AppDelegate.swift */ = {isa = PBXFileReference; lastKnownFileType = sourcecode.swift; path = AppDelegate.swift; sourceTree = "<group>"; };
		528D92CC24F0448000854BF9 /* Base */ = {isa = PBXFileReference; lastKnownFileType = file.storyboard; name = Base; path = Base.lproj/Main.storyboard; sourceTree = "<group>"; };
		528D92CE24F0448600854BF9 /* Assets.xcassets */ = {isa = PBXFileReference; lastKnownFileType = folder.assetcatalog; path = Assets.xcassets; sourceTree = "<group>"; };
		528D92D124F0448600854BF9 /* Base */ = {isa = PBXFileReference; lastKnownFileType = file.storyboard; name = Base; path = Base.lproj/LaunchScreen.storyboard; sourceTree = "<group>"; };
		528D92D324F0448600854BF9 /* Info.plist */ = {isa = PBXFileReference; lastKnownFileType = text.plist.xml; path = Info.plist; sourceTree = "<group>"; };
		528D92D924F1A31600854BF9 /* MainViewController.swift */ = {isa = PBXFileReference; lastKnownFileType = sourcecode.swift; path = MainViewController.swift; sourceTree = "<group>"; };
		528D92DD24F299EF00854BF9 /* ProductModel.swift */ = {isa = PBXFileReference; lastKnownFileType = sourcecode.swift; path = ProductModel.swift; sourceTree = "<group>"; };
		528D92DF24F29A3C00854BF9 /* ProductsCollectionViewController.swift */ = {isa = PBXFileReference; lastKnownFileType = sourcecode.swift; path = ProductsCollectionViewController.swift; sourceTree = "<group>"; };
		528D92E224F29AC700854BF9 /* ProductCollectionViewCell.swift */ = {isa = PBXFileReference; lastKnownFileType = sourcecode.swift; path = ProductCollectionViewCell.swift; sourceTree = "<group>"; };
		528D92E524F29B9000854BF9 /* NetworkManager.swift */ = {isa = PBXFileReference; lastKnownFileType = sourcecode.swift; path = NetworkManager.swift; sourceTree = "<group>"; };
		52E6F5F324F2C7ED004DB0B5 /* BasketViewController.swift */ = {isa = PBXFileReference; lastKnownFileType = sourcecode.swift; path = BasketViewController.swift; sourceTree = "<group>"; };
		52F540FF24F551B000E40B38 /* CustomNavigationItem.swift */ = {isa = PBXFileReference; lastKnownFileType = sourcecode.swift; path = CustomNavigationItem.swift; sourceTree = "<group>"; };
		728705933A8FDC5784F9B965 /* Pods_Idillika.framework */ = {isa = PBXFileReference; explicitFileType = wrapper.framework; includeInIndex = 0; path = Pods_Idillika.framework; sourceTree = BUILT_PRODUCTS_DIR; };
		8E4E4D8A8E4FEEC2854F4C14 /* Pods-Idillika.release.xcconfig */ = {isa = PBXFileReference; includeInIndex = 1; lastKnownFileType = text.xcconfig; name = "Pods-Idillika.release.xcconfig"; path = "Target Support Files/Pods-Idillika/Pods-Idillika.release.xcconfig"; sourceTree = "<group>"; };
		99E24FA4B97EEEB47950E21C /* Pods-Idillika.debug.xcconfig */ = {isa = PBXFileReference; includeInIndex = 1; lastKnownFileType = text.xcconfig; name = "Pods-Idillika.debug.xcconfig"; path = "Target Support Files/Pods-Idillika/Pods-Idillika.debug.xcconfig"; sourceTree = "<group>"; };
/* End PBXFileReference section */

/* Begin PBXFrameworksBuildPhase section */
		528D92BF24F0448000854BF9 /* Frameworks */ = {
			isa = PBXFrameworksBuildPhase;
			buildActionMask = 2147483647;
			files = (
				D328BD784EDC895A04D9B954 /* Pods_Idillika.framework in Frameworks */,
			);
			runOnlyForDeploymentPostprocessing = 0;
		};
/* End PBXFrameworksBuildPhase section */

/* Begin PBXGroup section */
		03B684A79CFD443FAA7FCE50 /* Pods */ = {
			isa = PBXGroup;
			children = (
				99E24FA4B97EEEB47950E21C /* Pods-Idillika.debug.xcconfig */,
				8E4E4D8A8E4FEEC2854F4C14 /* Pods-Idillika.release.xcconfig */,
			);
			path = Pods;
			sourceTree = "<group>";
		};
		528D92B924F0448000854BF9 = {
			isa = PBXGroup;
			children = (
				528D92C424F0448000854BF9 /* Idillika */,
				528D92C324F0448000854BF9 /* Products */,
				03B684A79CFD443FAA7FCE50 /* Pods */,
				CF3F2B5F8BAA8BBE7C945B57 /* Frameworks */,
			);
			sourceTree = "<group>";
		};
		528D92C324F0448000854BF9 /* Products */ = {
			isa = PBXGroup;
			children = (
				528D92C224F0448000854BF9 /* Idillika.app */,
			);
			name = Products;
			sourceTree = "<group>";
		};
		528D92C424F0448000854BF9 /* Idillika */ = {
			isa = PBXGroup;
			children = (
				528D92C524F0448000854BF9 /* AppDelegate.swift */,
				52F540FE24F551A000E40B38 /* Helper */,
				528D92E424F29B8400854BF9 /* Managers */,
				528D92DC24F299E500854BF9 /* Model */,
				528D92DB24F298E700854BF9 /* Screens */,
				528D92E124F29AB600854BF9 /* Cells */,
				528D92CB24F0448000854BF9 /* Main.storyboard */,
				528D92CE24F0448600854BF9 /* Assets.xcassets */,
				528D92D024F0448600854BF9 /* LaunchScreen.storyboard */,
				528D92D324F0448600854BF9 /* Info.plist */,
			);
			path = Idillika;
			sourceTree = "<group>";
		};
		528D92DB24F298E700854BF9 /* Screens */ = {
			isa = PBXGroup;
			children = (
				528D92D924F1A31600854BF9 /* MainViewController.swift */,
				528D92DF24F29A3C00854BF9 /* ProductsCollectionViewController.swift */,
				52E6F5F324F2C7ED004DB0B5 /* BasketViewController.swift */,
			);
			path = Screens;
			sourceTree = "<group>";
		};
		528D92DC24F299E500854BF9 /* Model */ = {
			isa = PBXGroup;
			children = (
				528D92DD24F299EF00854BF9 /* ProductModel.swift */,
			);
			path = Model;
			sourceTree = "<group>";
		};
		528D92E124F29AB600854BF9 /* Cells */ = {
			isa = PBXGroup;
			children = (
				528D92E224F29AC700854BF9 /* ProductCollectionViewCell.swift */,
			);
			path = Cells;
			sourceTree = "<group>";
		};
		528D92E424F29B8400854BF9 /* Managers */ = {
			isa = PBXGroup;
			children = (
				528D92E524F29B9000854BF9 /* NetworkManager.swift */,
				525594AA24F2E5040045D5C7 /* CartManager.swift */,
			);
			path = Managers;
			sourceTree = "<group>";
		};
		52F540FE24F551A000E40B38 /* Helper */ = {
			isa = PBXGroup;
			children = (
				52F540FF24F551B000E40B38 /* CustomNavigationItem.swift */,
			);
			path = Helper;
			sourceTree = "<group>";
		};
		CF3F2B5F8BAA8BBE7C945B57 /* Frameworks */ = {
			isa = PBXGroup;
			children = (
				728705933A8FDC5784F9B965 /* Pods_Idillika.framework */,
			);
			name = Frameworks;
			sourceTree = "<group>";
		};
/* End PBXGroup section */

/* Begin PBXNativeTarget section */
		528D92C124F0448000854BF9 /* Idillika */ = {
			isa = PBXNativeTarget;
			buildConfigurationList = 528D92D624F0448600854BF9 /* Build configuration list for PBXNativeTarget "Idillika" */;
			buildPhases = (
				68A1A8CDBD7061A5C1B90954 /* [CP] Check Pods Manifest.lock */,
				528D92BE24F0448000854BF9 /* Sources */,
				528D92BF24F0448000854BF9 /* Frameworks */,
				528D92C024F0448000854BF9 /* Resources */,
				46594B8EB522F0EEAE37FFB1 /* [CP] Embed Pods Frameworks */,
			);
			buildRules = (
			);
			dependencies = (
			);
			name = Idillika;
			productName = Idillika;
			productReference = 528D92C224F0448000854BF9 /* Idillika.app */;
			productType = "com.apple.product-type.application";
		};
/* End PBXNativeTarget section */

/* Begin PBXProject section */
		528D92BA24F0448000854BF9 /* Project object */ = {
			isa = PBXProject;
			attributes = {
				LastSwiftUpdateCheck = 1160;
				LastUpgradeCheck = 1160;
				ORGANIZATIONNAME = test;
				TargetAttributes = {
					528D92C124F0448000854BF9 = {
						CreatedOnToolsVersion = 11.6;
					};
				};
			};
			buildConfigurationList = 528D92BD24F0448000854BF9 /* Build configuration list for PBXProject "Idillika" */;
			compatibilityVersion = "Xcode 9.3";
			developmentRegion = en;
			hasScannedForEncodings = 0;
			knownRegions = (
				en,
				Base,
			);
			mainGroup = 528D92B924F0448000854BF9;
			productRefGroup = 528D92C324F0448000854BF9 /* Products */;
			projectDirPath = "";
			projectRoot = "";
			targets = (
				528D92C124F0448000854BF9 /* Idillika */,
			);
		};
/* End PBXProject section */

/* Begin PBXResourcesBuildPhase section */
		528D92C024F0448000854BF9 /* Resources */ = {
			isa = PBXResourcesBuildPhase;
			buildActionMask = 2147483647;
			files = (
				528D92D224F0448600854BF9 /* LaunchScreen.storyboard in Resources */,
				528D92CF24F0448600854BF9 /* Assets.xcassets in Resources */,
				528D92CD24F0448000854BF9 /* Main.storyboard in Resources */,
			);
			runOnlyForDeploymentPostprocessing = 0;
		};
/* End PBXResourcesBuildPhase section */

/* Begin PBXShellScriptBuildPhase section */
		46594B8EB522F0EEAE37FFB1 /* [CP] Embed Pods Frameworks */ = {
			isa = PBXShellScriptBuildPhase;
			buildActionMask = 2147483647;
			files = (
			);
			inputFileListPaths = (
				"${PODS_ROOT}/Target Support Files/Pods-Idillika/Pods-Idillika-frameworks-${CONFIGURATION}-input-files.xcfilelist",
			);
			name = "[CP] Embed Pods Frameworks";
			outputFileListPaths = (
				"${PODS_ROOT}/Target Support Files/Pods-Idillika/Pods-Idillika-frameworks-${CONFIGURATION}-output-files.xcfilelist",
			);
			runOnlyForDeploymentPostprocessing = 0;
			shellPath = /bin/sh;
			shellScript = "\"${PODS_ROOT}/Target Support Files/Pods-Idillika/Pods-Idillika-frameworks.sh\"\n";
			showEnvVarsInLog = 0;
		};
		68A1A8CDBD7061A5C1B90954 /* [CP] Check Pods Manifest.lock */ = {
			isa = PBXShellScriptBuildPhase;
			buildActionMask = 2147483647;
			files = (
			);
			inputFileListPaths = (
			);
			inputPaths = (
				"${PODS_PODFILE_DIR_PATH}/Podfile.lock",
				"${PODS_ROOT}/Manifest.lock",
			);
			name = "[CP] Check Pods Manifest.lock";
			outputFileListPaths = (
			);
			outputPaths = (
				"$(DERIVED_FILE_DIR)/Pods-Idillika-checkManifestLockResult.txt",
			);
			runOnlyForDeploymentPostprocessing = 0;
			shellPath = /bin/sh;
			shellScript = "diff \"${PODS_PODFILE_DIR_PATH}/Podfile.lock\" \"${PODS_ROOT}/Manifest.lock\" > /dev/null\nif [ $? != 0 ] ; then\n    # print error to STDERR\n    echo \"error: The sandbox is not in sync with the Podfile.lock. Run 'pod install' or update your CocoaPods installation.\" >&2\n    exit 1\nfi\n# This output is used by Xcode 'outputs' to avoid re-running this script phase.\necho \"SUCCESS\" > \"${SCRIPT_OUTPUT_FILE_0}\"\n";
			showEnvVarsInLog = 0;
		};
/* End PBXShellScriptBuildPhase section */

/* Begin PBXSourcesBuildPhase section */
		528D92BE24F0448000854BF9 /* Sources */ = {
			isa = PBXSourcesBuildPhase;
			buildActionMask = 2147483647;
			files = (
				52922C2C24F51FEC00B99B54 /* AppDelegate.swift in Sources */,
				528D92E624F29B9000854BF9 /* NetworkManager.swift in Sources */,
				525594AB24F2E5040045D5C7 /* CartManager.swift in Sources */,
				52F5410024F551B000E40B38 /* CustomNavigationItem.swift in Sources */,
				528D92E024F29A3C00854BF9 /* ProductsCollectionViewController.swift in Sources */,
				52E6F5F424F2C7ED004DB0B5 /* BasketViewController.swift in Sources */,
				528D92DA24F1A31600854BF9 /* MainViewController.swift in Sources */,
				528D92E324F29AC700854BF9 /* ProductCollectionViewCell.swift in Sources */,
				528D92DE24F299EF00854BF9 /* ProductModel.swift in Sources */,
			);
			runOnlyForDeploymentPostprocessing = 0;
		};
/* End PBXSourcesBuildPhase section */

/* Begin PBXVariantGroup section */
		528D92CB24F0448000854BF9 /* Main.storyboard */ = {
			isa = PBXVariantGroup;
			children = (
				528D92CC24F0448000854BF9 /* Base */,
			);
			name = Main.storyboard;
			sourceTree = "<group>";
		};
		528D92D024F0448600854BF9 /* LaunchScreen.storyboard */ = {
			isa = PBXVariantGroup;
			children = (
				528D92D124F0448600854BF9 /* Base */,
			);
			name = LaunchScreen.storyboard;
			sourceTree = "<group>";
		};
/* End PBXVariantGroup section */

/* Begin XCBuildConfiguration section */
		528D92D424F0448600854BF9 /* Debug */ = {
			isa = XCBuildConfiguration;
			buildSettings = {
				ALWAYS_SEARCH_USER_PATHS = NO;
				CLANG_ANALYZER_NONNULL = YES;
				CLANG_ANALYZER_NUMBER_OBJECT_CONVERSION = YES_AGGRESSIVE;
				CLANG_CXX_LANGUAGE_STANDARD = "gnu++14";
				CLANG_CXX_LIBRARY = "libc++";
				CLANG_ENABLE_MODULES = YES;
				CLANG_ENABLE_OBJC_ARC = YES;
				CLANG_ENABLE_OBJC_WEAK = YES;
				CLANG_WARN_BLOCK_CAPTURE_AUTORELEASING = YES;
				CLANG_WARN_BOOL_CONVERSION = YES;
				CLANG_WARN_COMMA = YES;
				CLANG_WARN_CONSTANT_CONVERSION = YES;
				CLANG_WARN_DEPRECATED_OBJC_IMPLEMENTATIONS = YES;
				CLANG_WARN_DIRECT_OBJC_ISA_USAGE = YES_ERROR;
				CLANG_WARN_DOCUMENTATION_COMMENTS = YES;
				CLANG_WARN_EMPTY_BODY = YES;
				CLANG_WARN_ENUM_CONVERSION = YES;
				CLANG_WARN_INFINITE_RECURSION = YES;
				CLANG_WARN_INT_CONVERSION = YES;
				CLANG_WARN_NON_LITERAL_NULL_CONVERSION = YES;
				CLANG_WARN_OBJC_IMPLICIT_RETAIN_SELF = YES;
				CLANG_WARN_OBJC_LITERAL_CONVERSION = YES;
				CLANG_WARN_OBJC_ROOT_CLASS = YES_ERROR;
				CLANG_WARN_RANGE_LOOP_ANALYSIS = YES;
				CLANG_WARN_STRICT_PROTOTYPES = YES;
				CLANG_WARN_SUSPICIOUS_MOVE = YES;
				CLANG_WARN_UNGUARDED_AVAILABILITY = YES_AGGRESSIVE;
				CLANG_WARN_UNREACHABLE_CODE = YES;
				CLANG_WARN__DUPLICATE_METHOD_MATCH = YES;
				COPY_PHASE_STRIP = NO;
				DEBUG_INFORMATION_FORMAT = dwarf;
				ENABLE_STRICT_OBJC_MSGSEND = YES;
				ENABLE_TESTABILITY = YES;
				GCC_C_LANGUAGE_STANDARD = gnu11;
				GCC_DYNAMIC_NO_PIC = NO;
				GCC_NO_COMMON_BLOCKS = YES;
				GCC_OPTIMIZATION_LEVEL = 0;
				GCC_PREPROCESSOR_DEFINITIONS = (
					"DEBUG=1",
					"$(inherited)",
				);
				GCC_WARN_64_TO_32_BIT_CONVERSION = YES;
				GCC_WARN_ABOUT_RETURN_TYPE = YES_ERROR;
				GCC_WARN_UNDECLARED_SELECTOR = YES;
				GCC_WARN_UNINITIALIZED_AUTOS = YES_AGGRESSIVE;
				GCC_WARN_UNUSED_FUNCTION = YES;
				GCC_WARN_UNUSED_VARIABLE = YES;
				IPHONEOS_DEPLOYMENT_TARGET = 12.0;
				MTL_ENABLE_DEBUG_INFO = INCLUDE_SOURCE;
				MTL_FAST_MATH = YES;
				ONLY_ACTIVE_ARCH = YES;
				SDKROOT = iphoneos;
				SWIFT_ACTIVE_COMPILATION_CONDITIONS = DEBUG;
				SWIFT_OPTIMIZATION_LEVEL = "-Onone";
			};
			name = Debug;
		};
		528D92D524F0448600854BF9 /* Release */ = {
			isa = XCBuildConfiguration;
			buildSettings = {
				ALWAYS_SEARCH_USER_PATHS = NO;
				CLANG_ANALYZER_NONNULL = YES;
				CLANG_ANALYZER_NUMBER_OBJECT_CONVERSION = YES_AGGRESSIVE;
				CLANG_CXX_LANGUAGE_STANDARD = "gnu++14";
				CLANG_CXX_LIBRARY = "libc++";
				CLANG_ENABLE_MODULES = YES;
				CLANG_ENABLE_OBJC_ARC = YES;
				CLANG_ENABLE_OBJC_WEAK = YES;
				CLANG_WARN_BLOCK_CAPTURE_AUTORELEASING = YES;
				CLANG_WARN_BOOL_CONVERSION = YES;
				CLANG_WARN_COMMA = YES;
				CLANG_WARN_CONSTANT_CONVERSION = YES;
				CLANG_WARN_DEPRECATED_OBJC_IMPLEMENTATIONS = YES;
				CLANG_WARN_DIRECT_OBJC_ISA_USAGE = YES_ERROR;
				CLANG_WARN_DOCUMENTATION_COMMENTS = YES;
				CLANG_WARN_EMPTY_BODY = YES;
				CLANG_WARN_ENUM_CONVERSION = YES;
				CLANG_WARN_INFINITE_RECURSION = YES;
				CLANG_WARN_INT_CONVERSION = YES;
				CLANG_WARN_NON_LITERAL_NULL_CONVERSION = YES;
				CLANG_WARN_OBJC_IMPLICIT_RETAIN_SELF = YES;
				CLANG_WARN_OBJC_LITERAL_CONVERSION = YES;
				CLANG_WARN_OBJC_ROOT_CLASS = YES_ERROR;
				CLANG_WARN_RANGE_LOOP_ANALYSIS = YES;
				CLANG_WARN_STRICT_PROTOTYPES = YES;
				CLANG_WARN_SUSPICIOUS_MOVE = YES;
				CLANG_WARN_UNGUARDED_AVAILABILITY = YES_AGGRESSIVE;
				CLANG_WARN_UNREACHABLE_CODE = YES;
				CLANG_WARN__DUPLICATE_METHOD_MATCH = YES;
				COPY_PHASE_STRIP = NO;
				DEBUG_INFORMATION_FORMAT = "dwarf-with-dsym";
				ENABLE_NS_ASSERTIONS = NO;
				ENABLE_STRICT_OBJC_MSGSEND = YES;
				GCC_C_LANGUAGE_STANDARD = gnu11;
				GCC_NO_COMMON_BLOCKS = YES;
				GCC_WARN_64_TO_32_BIT_CONVERSION = YES;
				GCC_WARN_ABOUT_RETURN_TYPE = YES_ERROR;
				GCC_WARN_UNDECLARED_SELECTOR = YES;
				GCC_WARN_UNINITIALIZED_AUTOS = YES_AGGRESSIVE;
				GCC_WARN_UNUSED_FUNCTION = YES;
				GCC_WARN_UNUSED_VARIABLE = YES;
				IPHONEOS_DEPLOYMENT_TARGET = 12.0;
				MTL_ENABLE_DEBUG_INFO = NO;
				MTL_FAST_MATH = YES;
				SDKROOT = iphoneos;
				SWIFT_COMPILATION_MODE = wholemodule;
				SWIFT_OPTIMIZATION_LEVEL = "-O";
				VALIDATE_PRODUCT = YES;
			};
			name = Release;
		};
		528D92D724F0448600854BF9 /* Debug */ = {
			isa = XCBuildConfiguration;
			baseConfigurationReference = 99E24FA4B97EEEB47950E21C /* Pods-Idillika.debug.xcconfig */;
			buildSettings = {
				ASSETCATALOG_COMPILER_APPICON_NAME = AppIcon;
				CODE_SIGN_STYLE = Automatic;
				DEVELOPMENT_TEAM = CUHNWKTMC4;
				INFOPLIST_FILE = Idillika/Info.plist;
				IPHONEOS_DEPLOYMENT_TARGET = 12.0;
				LD_RUNPATH_SEARCH_PATHS = (
					"$(inherited)",
					"@executable_path/Frameworks",
				);
				PRODUCT_BUNDLE_IDENTIFIER = SE.Idillika;
				PRODUCT_NAME = "$(TARGET_NAME)";
				SWIFT_VERSION = 5.0;
				TARGETED_DEVICE_FAMILY = 1;
			};
			name = Debug;
		};
		528D92D824F0448600854BF9 /* Release */ = {
			isa = XCBuildConfiguration;
			baseConfigurationReference = 8E4E4D8A8E4FEEC2854F4C14 /* Pods-Idillika.release.xcconfig */;
			buildSettings = {
				ASSETCATALOG_COMPILER_APPICON_NAME = AppIcon;
				CODE_SIGN_STYLE = Automatic;
				DEVELOPMENT_TEAM = CUHNWKTMC4;
				INFOPLIST_FILE = Idillika/Info.plist;
				IPHONEOS_DEPLOYMENT_TARGET = 12.0;
				LD_RUNPATH_SEARCH_PATHS = (
					"$(inherited)",
					"@executable_path/Frameworks",
				);
				PRODUCT_BUNDLE_IDENTIFIER = SE.Idillika;
				PRODUCT_NAME = "$(TARGET_NAME)";
				SWIFT_VERSION = 5.0;
				TARGETED_DEVICE_FAMILY = 1;
			};
			name = Release;
		};
/* End XCBuildConfiguration section */

/* Begin XCConfigurationList section */
		528D92BD24F0448000854BF9 /* Build configuration list for PBXProject "Idillika" */ = {
			isa = XCConfigurationList;
			buildConfigurations = (
				528D92D424F0448600854BF9 /* Debug */,
				528D92D524F0448600854BF9 /* Release */,
			);
			defaultConfigurationIsVisible = 0;
			defaultConfigurationName = Release;
		};
		528D92D624F0448600854BF9 /* Build configuration list for PBXNativeTarget "Idillika" */ = {
			isa = XCConfigurationList;
			buildConfigurations = (
				528D92D724F0448600854BF9 /* Debug */,
				528D92D824F0448600854BF9 /* Release */,
			);
			defaultConfigurationIsVisible = 0;
			defaultConfigurationName = Release;
		};
/* End XCConfigurationList section */
	};
	rootObject = 528D92BA24F0448000854BF9 /* Project object */;
}
